
Microsoft Visual Studio Solution File, Format Version 12.00
# Visual Studio Version 17
VisualStudioVersion = 17.5.33530.505
MinimumVisualStudioVersion = 10.0.40219.1
Project("{9A19103F-16F7-4668-BE54-9A1E7A4F7556}") = "Domain", "Domain\Domain.csproj", "{CF34175C-0524-4580-AAE6-0568D70C1132}"
EndProject
Project("{9A19103F-16F7-4668-BE54-9A1E7A4F7556}") = "EntityFramework", "EntityFramework\EntityFramework.csproj", "{107E070C-24EA-44C6-BDEB-495C1E3FF197}"
EndProject
Project("{9A19103F-16F7-4668-BE54-9A1E7A4F7556}") = "AllianceManagementSystem.Wpf", "AllianceManagementSystem.Wpf\AllianceManagementSystem.Wpf.csproj", "{82AD4EA4-5A2D-44FA-8A94-6512EF3E802D}"
EndProject
Global
	GlobalSection(SolutionConfigurationPlatforms) = preSolution
		Debug|Any CPU = Debug|Any CPU
		Release|Any CPU = Release|Any CPU
	EndGlobalSection
	GlobalSection(ProjectConfigurationPlatforms) = postSolution
		{CF34175C-0524-4580-AAE6-0568D70C1132}.Debug|Any CPU.ActiveCfg = Debug|Any CPU
		{CF34175C-0524-4580-AAE6-0568D70C1132}.Debug|Any CPU.Build.0 = Debug|Any CPU
		{CF34175C-0524-4580-AAE6-0568D70C1132}.Release|Any CPU.ActiveCfg = Release|Any CPU
		{CF34175C-0524-4580-AAE6-0568D70C1132}.Release|Any CPU.Build.0 = Release|Any CPU
		{107E070C-24EA-44C6-BDEB-495C1E3FF197}.Debug|Any CPU.ActiveCfg = Debug|Any CPU
		{107E070C-24EA-44C6-BDEB-495C1E3FF197}.Debug|Any CPU.Build.0 = Debug|Any CPU
		{107E070C-24EA-44C6-BDEB-495C1E3FF197}.Release|Any CPU.ActiveCfg = Release|Any CPU
		{107E070C-24EA-44C6-BDEB-495C1E3FF197}.Release|Any CPU.Build.0 = Release|Any CPU
		{82AD4EA4-5A2D-44FA-8A94-6512EF3E802D}.Debug|Any CPU.ActiveCfg = Debug|Any CPU
		{82AD4EA4-5A2D-44FA-8A94-6512EF3E802D}.Debug|Any CPU.Build.0 = Debug|Any CPU
		{82AD4EA4-5A2D-44FA-8A94-6512EF3E802D}.Release|Any CPU.ActiveCfg = Release|Any CPU
		{82AD4EA4-5A2D-44FA-8A94-6512EF3E802D}.Release|Any CPU.Build.0 = Release|Any CPU
	EndGlobalSection
	GlobalSection(SolutionProperties) = preSolution
		HideSolutionNode = FALSE
	EndGlobalSection
	GlobalSection(ExtensibilityGlobals) = postSolution
		SolutionGuid = {F0BB699E-7ED7-4685-A998-88DD9618EAF8}
	EndGlobalSection
EndGlobal
